// !$*UTF8*$!
{
	archiveVersion = 1;
	classes = {
	};
	objectVersion = 77;
	objects = {

/* Begin PBXContainerItemProxy section */
		CD5A12052DF12045000FC582 /* PBXContainerItemProxy */ = {
			isa = PBXContainerItemProxy;
			containerPortal = CD5A11EF2DF12043000FC582 /* Project object */;
			proxyType = 1;
			remoteGlobalIDString = CD5A11F62DF12043000FC582;
			remoteInfo = InventoryPro;
		};
		CD5A120F2DF12045000FC582 /* PBXContainerItemProxy */ = {
			isa = PBXContainerItemProxy;
			containerPortal = CD5A11EF2DF12043000FC582 /* Project object */;
			proxyType = 1;
			remoteGlobalIDString = CD5A11F62DF12043000FC582;
			remoteInfo = InventoryPro;
		};
/* End PBXContainerItemProxy section */

/* Begin PBXFileReference section */
		CD5A11F72DF12043000FC582 /* InventoryPro.app */ = {isa = PBXFileReference; explicitFileType = wrapper.application; includeInIndex = 0; path = InventoryPro.app; sourceTree = BUILT_PRODUCTS_DIR; };
		CD5A12042DF12045000FC582 /* InventoryProTests.xctest */ = {isa = PBXFileReference; explicitFileType = wrapper.cfbundle; includeInIndex = 0; path = InventoryProTests.xctest; sourceTree = BUILT_PRODUCTS_DIR; };
		CD5A120E2DF12045000FC582 /* InventoryProUITests.xctest */ = {isa = PBXFileReference; explicitFileType = wrapper.cfbundle; includeInIndex = 0; path = InventoryProUITests.xctest; sourceTree = BUILT_PRODUCTS_DIR; };
/* End PBXFileReference section */

/* Begin PBXFileSystemSynchronizedRootGroup section */
		CD5A11F92DF12043000FC582 /* InventoryPro */ = {
			isa = PBXFileSystemSynchronizedRootGroup;
			path = InventoryPro;
			sourceTree = "<group>";
		};
		CD5A12072DF12045000FC582 /* InventoryProTests */ = {
			isa = PBXFileSystemSynchronizedRootGroup;
			path = InventoryProTests;
			sourceTree = "<group>";
		};
		CD5A12112DF12045000FC582 /* InventoryProUITests */ = {
			isa = PBXFileSystemSynchronizedRootGroup;
			path = InventoryProUITests;
			sourceTree = "<group>";
		};
/* End PBXFileSystemSynchronizedRootGroup section */

/* Begin PBXFrameworksBuildPhase section */
		CD5A11F42DF12043000FC582 /* Frameworks */ = {
			isa = PBXFrameworksBuildPhase;
			buildActionMask = 2147483647;
			files = (
			);
			runOnlyForDeploymentPostprocessing = 0;
		};
		CD5A12012DF12045000FC582 /* Frameworks */ = {
			isa = PBXFrameworksBuildPhase;
			buildActionMask = 2147483647;
			files = (
			);
			runOnlyForDeploymentPostprocessing = 0;
		};
		CD5A120B2DF12045000FC582 /* Frameworks */ = {
			isa = PBXFrameworksBuildPhase;
			buildActionMask = 2147483647;
			files = (
			);
			runOnlyForDeploymentPostprocessing = 0;
		};
/* End PBXFrameworksBuildPhase section */

/* Begin PBXGroup section */
		CD5A11EE2DF12043000FC582 = {
			isa = PBXGroup;
			children = (
				CD5A11F92DF12043000FC582 /* InventoryPro */,
				CD5A12072DF12045000FC582 /* InventoryProTests */,
				CD5A12112DF12045000FC582 /* InventoryProUITests */,
				CD5A11F82DF12043000FC582 /* Products */,
			);
			sourceTree = "<group>";
		};
		CD5A11F82DF12043000FC582 /* Products */ = {
			isa = PBXGroup;
			children = (
				CD5A11F72DF12043000FC582 /* InventoryPro.app */,
				CD5A12042DF12045000FC582 /* InventoryProTests.xctest */,
				CD5A120E2DF12045000FC582 /* InventoryProUITests.xctest */,
			);
			name = Products;
			sourceTree = "<group>";
		};
/* End PBXGroup section */

/* Begin PBXNativeTarget section */
		CD5A11F62DF12043000FC582 /* InventoryPro */ = {
			isa = PBXNativeTarget;
			buildConfigurationList = CD5A12182DF12045000FC582 /* Build configuration list for PBXNativeTarget "InventoryPro" */;
			buildPhases = (
				CD5A11F32DF12043000FC582 /* Sources */,
				CD5A11F42DF12043000FC582 /* Frameworks */,
				CD5A11F52DF12043000FC582 /* Resources */,
			);
			buildRules = (
			);
			dependencies = (
			);
			fileSystemSynchronizedGroups = (
				CD5A11F92DF12043000FC582 /* InventoryPro */,
			);
			name = InventoryPro;
			packageProductDependencies = (
			);
			productName = InventoryPro;
			productReference = CD5A11F72DF12043000FC582 /* InventoryPro.app */;
			productType = "com.apple.product-type.application";
		};
		CD5A12032DF12045000FC582 /* InventoryProTests */ = {
			isa = PBXNativeTarget;
			buildConfigurationList = CD5A121B2DF12045000FC582 /* Build configuration list for PBXNativeTarget "InventoryProTests" */;
			buildPhases = (
				CD5A12002DF12045000FC582 /* Sources */,
				CD5A12012DF12045000FC582 /* Frameworks */,
				CD5A12022DF12045000FC582 /* Resources */,
			);
			buildRules = (
			);
			dependencies = (
				CD5A12062DF12045000FC582 /* PBXTargetDependency */,
			);
			fileSystemSynchronizedGroups = (
				CD5A12072DF12045000FC582 /* InventoryProTests */,
			);
			name = InventoryProTests;
			packageProductDependencies = (
			);
			productName = InventoryProTests;
			productReference = CD5A12042DF12045000FC582 /* InventoryProTests.xctest */;
			productType = "com.apple.product-type.bundle.unit-test";
		};
		CD5A120D2DF12045000FC582 /* InventoryProUITests */ = {
			isa = PBXNativeTarget;
			buildConfigurationList = CD5A121E2DF12045000FC582 /* Build configuration list for PBXNativeTarget "InventoryProUITests" */;
			buildPhases = (
				CD5A120A2DF12045000FC582 /* Sources */,
				CD5A120B2DF12045000FC582 /* Frameworks */,
				CD5A120C2DF12045000FC582 /* Resources */,
			);
			buildRules = (
			);
			dependencies = (
				CD5A12102DF12045000FC582 /* PBXTargetDependency */,
			);
			fileSystemSynchronizedGroups = (
				CD5A12112DF12045000FC582 /* InventoryProUITests */,
			);
			name = InventoryProUITests;
			packageProductDependencies = (
			);
			productName = InventoryProUITests;
			productReference = CD5A120E2DF12045000FC582 /* InventoryProUITests.xctest */;
			productType = "com.apple.product-type.bundle.ui-testing";
		};
/* End PBXNativeTarget section */

/* Begin PBXProject section */
		CD5A11EF2DF12043000FC582 /* Project object */ = {
			isa = PBXProject;
			attributes = {
				BuildIndependentTargetsInParallel = 1;
				LastSwiftUpdateCheck = 1640;
				LastUpgradeCheck = 1640;
				TargetAttributes = {
					CD5A11F62DF12043000FC582 = {
						CreatedOnToolsVersion = 16.4;
					};
					CD5A12032DF12045000FC582 = {
						CreatedOnToolsVersion = 16.4;
						TestTargetID = CD5A11F62DF12043000FC582;
					};
					CD5A120D2DF12045000FC582 = {
						CreatedOnToolsVersion = 16.4;
						TestTargetID = CD5A11F62DF12043000FC582;
					};
				};
			};
			buildConfigurationList = CD5A11F22DF12043000FC582 /* Build configuration list for PBXProject "InventoryPro" */;
			developmentRegion = en;
			hasScannedForEncodings = 0;
			knownRegions = (
				en,
				Base,
			);
			mainGroup = CD5A11EE2DF12043000FC582;
			minimizedProjectReferenceProxies = 1;
			preferredProjectObjectVersion = 77;
			productRefGroup = CD5A11F82DF12043000FC582 /* Products */;
			projectDirPath = "";
			projectRoot = "";
			targets = (
				CD5A11F62DF12043000FC582 /* InventoryPro */,
				CD5A12032DF12045000FC582 /* InventoryProTests */,
				CD5A120D2DF12045000FC582 /* InventoryProUITests */,
			);
		};
/* End PBXProject section */

/* Begin PBXResourcesBuildPhase section */
		CD5A11F52DF12043000FC582 /* Resources */ = {
			isa = PBXResourcesBuildPhase;
			buildActionMask = 2147483647;
			files = (
			);
			runOnlyForDeploymentPostprocessing = 0;
		};
		CD5A12022DF12045000FC582 /* Resources */ = {
			isa = PBXResourcesBuildPhase;
			buildActionMask = 2147483647;
			files = (
			);
			runOnlyForDeploymentPostprocessing = 0;
		};
		CD5A120C2DF12045000FC582 /* Resources */ = {
			isa = PBXResourcesBuildPhase;
			buildActionMask = 2147483647;
			files = (
			);
			runOnlyForDeploymentPostprocessing = 0;
		};
/* End PBXResourcesBuildPhase section */

/* Begin PBXSourcesBuildPhase section */
		CD5A11F32DF12043000FC582 /* Sources */ = {
			isa = PBXSourcesBuildPhase;
			buildActionMask = 2147483647;
			files = (
			);
			runOnlyForDeploymentPostprocessing = 0;
		};
		CD5A12002DF12045000FC582 /* Sources */ = {
			isa = PBXSourcesBuildPhase;
			buildActionMask = 2147483647;
			files = (
			);
			runOnlyForDeploymentPostprocessing = 0;
		};
		CD5A120A2DF12045000FC582 /* Sources */ = {
			isa = PBXSourcesBuildPhase;
			buildActionMask = 2147483647;
			files = (
			);
			runOnlyForDeploymentPostprocessing = 0;
		};
/* End PBXSourcesBuildPhase section */

/* Begin PBXTargetDependency section */
		CD5A12062DF12045000FC582 /* PBXTargetDependency */ = {
			isa = PBXTargetDependency;
			target = CD5A11F62DF12043000FC582 /* InventoryPro */;
			targetProxy = CD5A12052DF12045000FC582 /* PBXContainerItemProxy */;
		};
		CD5A12102DF12045000FC582 /* PBXTargetDependency */ = {
			isa = PBXTargetDependency;
			target = CD5A11F62DF12043000FC582 /* InventoryPro */;
			targetProxy = CD5A120F2DF12045000FC582 /* PBXContainerItemProxy */;
		};
/* End PBXTargetDependency section */

/* Begin XCBuildConfiguration section */
		CD5A12162DF12045000FC582 /* Debug */ = {
			isa = XCBuildConfiguration;
			buildSettings = {
				ALWAYS_SEARCH_USER_PATHS = NO;
				ASSETCATALOG_COMPILER_GENERATE_SWIFT_ASSET_SYMBOL_EXTENSIONS = YES;
				CLANG_ANALYZER_NONNULL = YES;
				CLANG_ANALYZER_NUMBER_OBJECT_CONVERSION = YES_AGGRESSIVE;
				CLANG_CXX_LANGUAGE_STANDARD = "gnu++20";
				CLANG_ENABLE_MODULES = YES;
				CLANG_ENABLE_OBJC_ARC = YES;
				CLANG_ENABLE_OBJC_WEAK = YES;
				CLANG_WARN_BLOCK_CAPTURE_AUTORELEASING = YES;
				CLANG_WARN_BOOL_CONVERSION = YES;
				CLANG_WARN_COMMA = YES;
				CLANG_WARN_CONSTANT_CONVERSION = YES;
				CLANG_WARN_DEPRECATED_OBJC_IMPLEMENTATIONS = YES;
				CLANG_WARN_DIRECT_OBJC_ISA_USAGE = YES_ERROR;
				CLANG_WARN_DOCUMENTATION_COMMENTS = YES;
				CLANG_WARN_EMPTY_BODY = YES;
				CLANG_WARN_ENUM_CONVERSION = YES;
				CLANG_WARN_INFINITE_RECURSION = YES;
				CLANG_WARN_INT_CONVERSION = YES;
				CLANG_WARN_NON_LITERAL_NULL_CONVERSION = YES;
				CLANG_WARN_OBJC_IMPLICIT_RETAIN_SELF = YES;
				CLANG_WARN_OBJC_LITERAL_CONVERSION = YES;
				CLANG_WARN_OBJC_ROOT_CLASS = YES_ERROR;
				CLANG_WARN_QUOTED_INCLUDE_IN_FRAMEWORK_HEADER = YES;
				CLANG_WARN_RANGE_LOOP_ANALYSIS = YES;
				CLANG_WARN_STRICT_PROTOTYPES = YES;
				CLANG_WARN_SUSPICIOUS_MOVE = YES;
				CLANG_WARN_UNGUARDED_AVAILABILITY = YES_AGGRESSIVE;
				CLANG_WARN_UNREACHABLE_CODE = YES;
				CLANG_WARN__DUPLICATE_METHOD_MATCH = YES;
				COPY_PHASE_STRIP = NO;
				DEBUG_INFORMATION_FORMAT = dwarf;
				ENABLE_STRICT_OBJC_MSGSEND = YES;
				ENABLE_TESTABILITY = YES;
				ENABLE_USER_SCRIPT_SANDBOXING = YES;
				GCC_C_LANGUAGE_STANDARD = gnu17;
				GCC_DYNAMIC_NO_PIC = NO;
				GCC_NO_COMMON_BLOCKS = YES;
				GCC_OPTIMIZATION_LEVEL = 0;
				GCC_PREPROCESSOR_DEFINITIONS = (
					"DEBUG=1",
					"$(inherited)",
				);
				GCC_WARN_64_TO_32_BIT_CONVERSION = YES;
				GCC_WARN_ABOUT_RETURN_TYPE = YES_ERROR;
				GCC_WARN_UNDECLARED_SELECTOR = YES;
				GCC_WARN_UNINITIALIZED_AUTOS = YES_AGGRESSIVE;
				GCC_WARN_UNUSED_FUNCTION = YES;
				GCC_WARN_UNUSED_VARIABLE = YES;
				IPHONEOS_DEPLOYMENT_TARGET = 18.5;
				LOCALIZATION_PREFERS_STRING_CATALOGS = YES;
				MTL_ENABLE_DEBUG_INFO = INCLUDE_SOURCE;
				MTL_FAST_MATH = YES;
				ONLY_ACTIVE_ARCH = YES;
				SDKROOT = iphoneos;
				SWIFT_ACTIVE_COMPILATION_CONDITIONS = "DEBUG $(inherited)";
				SWIFT_OPTIMIZATION_LEVEL = "-Onone";
			};
			name = Debug;
		};
		CD5A12172DF12045000FC582 /* Release */ = {
			isa = XCBuildConfiguration;
			buildSettings = {
				ALWAYS_SEARCH_USER_PATHS = NO;
				ASSETCATALOG_COMPILER_GENERATE_SWIFT_ASSET_SYMBOL_EXTENSIONS = YES;
				CLANG_ANALYZER_NONNULL = YES;
				CLANG_ANALYZER_NUMBER_OBJECT_CONVERSION = YES_AGGRESSIVE;
				CLANG_CXX_LANGUAGE_STANDARD = "gnu++20";
				CLANG_ENABLE_MODULES = YES;
				CLANG_ENABLE_OBJC_ARC = YES;
				CLANG_ENABLE_OBJC_WEAK = YES;
				CLANG_WARN_BLOCK_CAPTURE_AUTORELEASING = YES;
				CLANG_WARN_BOOL_CONVERSION = YES;
				CLANG_WARN_COMMA = YES;
				CLANG_WARN_CONSTANT_CONVERSION = YES;
				CLANG_WARN_DEPRECATED_OBJC_IMPLEMENTATIONS = YES;
				CLANG_WARN_DIRECT_OBJC_ISA_USAGE = YES_ERROR;
				CLANG_WARN_DOCUMENTATION_COMMENTS = YES;
				CLANG_WARN_EMPTY_BODY = YES;
				CLANG_WARN_ENUM_CONVERSION = YES;
				CLANG_WARN_INFINITE_RECURSION = YES;
				CLANG_WARN_INT_CONVERSION = YES;
				CLANG_WARN_NON_LITERAL_NULL_CONVERSION = YES;
				CLANG_WARN_OBJC_IMPLICIT_RETAIN_SELF = YES;
				CLANG_WARN_OBJC_LITERAL_CONVERSION = YES;
				CLANG_WARN_OBJC_ROOT_CLASS = YES_ERROR;
				CLANG_WARN_QUOTED_INCLUDE_IN_FRAMEWORK_HEADER = YES;
				CLANG_WARN_RANGE_LOOP_ANALYSIS = YES;
				CLANG_WARN_STRICT_PROTOTYPES = YES;
				CLANG_WARN_SUSPICIOUS_MOVE = YES;
				CLANG_WARN_UNGUARDED_AVAILABILITY = YES_AGGRESSIVE;
				CLANG_WARN_UNREACHABLE_CODE = YES;
				CLANG_WARN__DUPLICATE_METHOD_MATCH = YES;
				COPY_PHASE_STRIP = NO;
				DEBUG_INFORMATION_FORMAT = "dwarf-with-dsym";
				ENABLE_NS_ASSERTIONS = NO;
				ENABLE_STRICT_OBJC_MSGSEND = YES;
				ENABLE_USER_SCRIPT_SANDBOXING = YES;
				GCC_C_LANGUAGE_STANDARD = gnu17;
				GCC_NO_COMMON_BLOCKS = YES;
				GCC_WARN_64_TO_32_BIT_CONVERSION = YES;
				GCC_WARN_ABOUT_RETURN_TYPE = YES_ERROR;
				GCC_WARN_UNDECLARED_SELECTOR = YES;
				GCC_WARN_UNINITIALIZED_AUTOS = YES_AGGRESSIVE;
				GCC_WARN_UNUSED_FUNCTION = YES;
				GCC_WARN_UNUSED_VARIABLE = YES;
				IPHONEOS_DEPLOYMENT_TARGET = 18.5;
				LOCALIZATION_PREFERS_STRING_CATALOGS = YES;
				MTL_ENABLE_DEBUG_INFO = NO;
				MTL_FAST_MATH = YES;
				SDKROOT = iphoneos;
				SWIFT_COMPILATION_MODE = wholemodule;
				VALIDATE_PRODUCT = YES;
			};
			name = Release;
		};
		CD5A12192DF12045000FC582 /* Debug */ = {
			isa = XCBuildConfiguration;
			buildSettings = {
				ASSETCATALOG_COMPILER_APPICON_NAME = AppIcon;
				ASSETCATALOG_COMPILER_GLOBAL_ACCENT_COLOR_NAME = AccentColor;
				CODE_SIGN_STYLE = Automatic;
				CURRENT_PROJECT_VERSION = 1;
				DEVELOPMENT_TEAM = 7YVZL5866V;
				ENABLE_PREVIEWS = YES;
				GENERATE_INFOPLIST_FILE = YES;
				INFOPLIST_KEY_UIApplicationSceneManifest_Generation = YES;
				INFOPLIST_KEY_UIApplicationSupportsIndirectInputEvents = YES;
				INFOPLIST_KEY_UILaunchScreen_Generation = YES;
				INFOPLIST_KEY_UISupportedInterfaceOrientations_iPad = "UIInterfaceOrientationPortrait UIInterfaceOrientationPortraitUpsideDown UIInterfaceOrientationLandscapeLeft UIInterfaceOrientationLandscapeRight";
				INFOPLIST_KEY_UISupportedInterfaceOrientations_iPhone = "UIInterfaceOrientationPortrait UIInterfaceOrientationLandscapeLeft UIInterfaceOrientationLandscapeRight";
				LD_RUNPATH_SEARCH_PATHS = (
					"$(inherited)",
					"@executable_path/Frameworks",
				);
				MARKETING_VERSION = 1.0;
				PRODUCT_BUNDLE_IDENTIFIER = DeltaraTech.InventoryPro;
				PRODUCT_NAME = "$(TARGET_NAME)";
				SWIFT_EMIT_LOC_STRINGS = YES;
				SWIFT_VERSION = 5.0;
				TARGETED_DEVICE_FAMILY = "1,2";
			};
			name = Debug;
		};
		CD5A121A2DF12045000FC582 /* Release */ = {
			isa = XCBuildConfiguration;
			buildSettings = {
				ASSETCATALOG_COMPILER_APPICON_NAME = AppIcon;
				ASSETCATALOG_COMPILER_GLOBAL_ACCENT_COLOR_NAME = AccentColor;
				CODE_SIGN_STYLE = Automatic;
				CURRENT_PROJECT_VERSION = 1;
				DEVELOPMENT_TEAM = 7YVZL5866V;
				ENABLE_PREVIEWS = YES;
				GENERATE_INFOPLIST_FILE = YES;
				INFOPLIST_KEY_UIApplicationSceneManifest_Generation = YES;
				INFOPLIST_KEY_UIApplicationSupportsIndirectInputEvents = YES;
				INFOPLIST_KEY_UILaunchScreen_Generation = YES;
				INFOPLIST_KEY_UISupportedInterfaceOrientations_iPad = "UIInterfaceOrientationPortrait UIInterfaceOrientationPortraitUpsideDown UIInterfaceOrientationLandscapeLeft UIInterfaceOrientationLandscapeRight";
				INFOPLIST_KEY_UISupportedInterfaceOrientations_iPhone = "UIInterfaceOrientationPortrait UIInterfaceOrientationLandscapeLeft UIInterfaceOrientationLandscapeRight";
				LD_RUNPATH_SEARCH_PATHS = (
					"$(inherited)",
					"@executable_path/Frameworks",
				);
				MARKETING_VERSION = 1.0;
				PRODUCT_BUNDLE_IDENTIFIER = DeltaraTech.InventoryPro;
				PRODUCT_NAME = "$(TARGET_NAME)";
				SWIFT_EMIT_LOC_STRINGS = YES;
				SWIFT_VERSION = 5.0;
				TARGETED_DEVICE_FAMILY = "1,2";
			};
			name = Release;
		};
		CD5A121C2DF12045000FC582 /* Debug */ = {
			isa = XCBuildConfiguration;
			buildSettings = {
				BUNDLE_LOADER = "$(TEST_HOST)";
				CODE_SIGN_STYLE = Automatic;
				CURRENT_PROJECT_VERSION = 1;
				GENERATE_INFOPLIST_FILE = YES;
				IPHONEOS_DEPLOYMENT_TARGET = 18.5;
				MARKETING_VERSION = 1.0;
				PRODUCT_BUNDLE_IDENTIFIER = DeltaraTech.InventoryProTests;
				PRODUCT_NAME = "$(TARGET_NAME)";
				SWIFT_EMIT_LOC_STRINGS = NO;
				SWIFT_VERSION = 5.0;
				TARGETED_DEVICE_FAMILY = "1,2";
				TEST_HOST = "$(BUILT_PRODUCTS_DIR)/InventoryPro.app/$(BUNDLE_EXECUTABLE_FOLDER_PATH)/InventoryPro";
			};
			name = Debug;
		};
		CD5A121D2DF12045000FC582 /* Release */ = {
			isa = XCBuildConfiguration;
			buildSettings = {
				BUNDLE_LOADER = "$(TEST_HOST)";
				CODE_SIGN_STYLE = Automatic;
				CURRENT_PROJECT_VERSION = 1;
				GENERATE_INFOPLIST_FILE = YES;
				IPHONEOS_DEPLOYMENT_TARGET = 18.5;
				MARKETING_VERSION = 1.0;
				PRODUCT_BUNDLE_IDENTIFIER = DeltaraTech.InventoryProTests;
				PRODUCT_NAME = "$(TARGET_NAME)";
				SWIFT_EMIT_LOC_STRINGS = NO;
				SWIFT_VERSION = 5.0;
				TARGETED_DEVICE_FAMILY = "1,2";
				TEST_HOST = "$(BUILT_PRODUCTS_DIR)/InventoryPro.app/$(BUNDLE_EXECUTABLE_FOLDER_PATH)/InventoryPro";
			};
			name = Release;
		};
		CD5A121F2DF12045000FC582 /* Debug */ = {
			isa = XCBuildConfiguration;
			buildSettings = {
				CODE_SIGN_STYLE = Automatic;
				CURRENT_PROJECT_VERSION = 1;
				GENERATE_INFOPLIST_FILE = YES;
				MARKETING_VERSION = 1.0;
				PRODUCT_BUNDLE_IDENTIFIER = DeltaraTech.InventoryProUITests;
				PRODUCT_NAME = "$(TARGET_NAME)";
				SWIFT_EMIT_LOC_STRINGS = NO;
				SWIFT_VERSION = 5.0;
				TARGETED_DEVICE_FAMILY = "1,2";
				TEST_TARGET_NAME = InventoryPro;
			};
			name = Debug;
		};
		CD5A12202DF12045000FC582 /* Release */ = {
			isa = XCBuildConfiguration;
			buildSettings = {
				CODE_SIGN_STYLE = Automatic;
				CURRENT_PROJECT_VERSION = 1;
				GENERATE_INFOPLIST_FILE = YES;
				MARKETING_VERSION = 1.0;
				PRODUCT_BUNDLE_IDENTIFIER = DeltaraTech.InventoryProUITests;
				PRODUCT_NAME = "$(TARGET_NAME)";
				SWIFT_EMIT_LOC_STRINGS = NO;
				SWIFT_VERSION = 5.0;
				TARGETED_DEVICE_FAMILY = "1,2";
				TEST_TARGET_NAME = InventoryPro;
			};
			name = Release;
		};
/* End XCBuildConfiguration section */

/* Begin XCConfigurationList section */
		CD5A11F22DF12043000FC582 /* Build configuration list for PBXProject "InventoryPro" */ = {
			isa = XCConfigurationList;
			buildConfigurations = (
				CD5A12162DF12045000FC582 /* Debug */,
				CD5A12172DF12045000FC582 /* Release */,
			);
			defaultConfigurationIsVisible = 0;
			defaultConfigurationName = Release;
		};
		CD5A12182DF12045000FC582 /* Build configuration list for PBXNativeTarget "InventoryPro" */ = {
			isa = XCConfigurationList;
			buildConfigurations = (
				CD5A12192DF12045000FC582 /* Debug */,
				CD5A121A2DF12045000FC582 /* Release */,
			);
			defaultConfigurationIsVisible = 0;
			defaultConfigurationName = Release;
		};
		CD5A121B2DF12045000FC582 /* Build configuration list for PBXNativeTarget "InventoryProTests" */ = {
			isa = XCConfigurationList;
			buildConfigurations = (
				CD5A121C2DF12045000FC582 /* Debug */,
				CD5A121D2DF12045000FC582 /* Release */,
			);
			defaultConfigurationIsVisible = 0;
			defaultConfigurationName = Release;
		};
		CD5A121E2DF12045000FC582 /* Build configuration list for PBXNativeTarget "InventoryProUITests" */ = {
			isa = XCConfigurationList;
			buildConfigurations = (
				CD5A121F2DF12045000FC582 /* Debug */,
				CD5A12202DF12045000FC582 /* Release */,
			);
			defaultConfigurationIsVisible = 0;
			defaultConfigurationName = Release;
		};
/* End XCConfigurationList section */
	};
	rootObject = CD5A11EF2DF12043000FC582 /* Project object */;
}
